
Microsoft Visual Studio Solution File, Format Version 12.00
# Visual Studio Version 17
VisualStudioVersion = 17.2.32602.215
MinimumVisualStudioVersion = 10.0.40219.1
Project("{FAE04EC0-301F-11D3-BF4B-00C04F79EFBC}") = "ShoppingSite", "ShoppingSite\ShoppingSite.csproj", "{9B776C46-A8D3-476F-BE75-4E4675BBF164}"
EndProject
Project("{FAE04EC0-301F-11D3-BF4B-00C04F79EFBC}") = "ShoppingSite.DAL", "ShoppingSite.DAL\ShoppingSite.DAL.csproj", "{08E7B27F-0B3F-49BD-8568-7BAF309DDBCF}"
EndProject
Project("{FAE04EC0-301F-11D3-BF4B-00C04F79EFBC}") = "ShoppingSite.Core", "ShoppingSite.Core\ShoppingSite.Core.csproj", "{8672A5A4-96F6-49A0-9EFC-345F2F1F3651}"
EndProject
Global
	GlobalSection(SolutionConfigurationPlatforms) = preSolution
		Debug|Any CPU = Debug|Any CPU
		Release|Any CPU = Release|Any CPU
	EndGlobalSection
	GlobalSection(ProjectConfigurationPlatforms) = postSolution
		{9B776C46-A8D3-476F-BE75-4E4675BBF164}.Debug|Any CPU.ActiveCfg = Debug|Any CPU
		{9B776C46-A8D3-476F-BE75-4E4675BBF164}.Debug|Any CPU.Build.0 = Debug|Any CPU
		{9B776C46-A8D3-476F-BE75-4E4675BBF164}.Release|Any CPU.ActiveCfg = Release|Any CPU
		{9B776C46-A8D3-476F-BE75-4E4675BBF164}.Release|Any CPU.Build.0 = Release|Any CPU
		{08E7B27F-0B3F-49BD-8568-7BAF309DDBCF}.Debug|Any CPU.ActiveCfg = Debug|Any CPU
		{08E7B27F-0B3F-49BD-8568-7BAF309DDBCF}.Debug|Any CPU.Build.0 = Debug|Any CPU
		{08E7B27F-0B3F-49BD-8568-7BAF309DDBCF}.Release|Any CPU.ActiveCfg = Release|Any CPU
		{08E7B27F-0B3F-49BD-8568-7BAF309DDBCF}.Release|Any CPU.Build.0 = Release|Any CPU
		{8672A5A4-96F6-49A0-9EFC-345F2F1F3651}.Debug|Any CPU.ActiveCfg = Debug|Any CPU
		{8672A5A4-96F6-49A0-9EFC-345F2F1F3651}.Debug|Any CPU.Build.0 = Debug|Any CPU
		{8672A5A4-96F6-49A0-9EFC-345F2F1F3651}.Release|Any CPU.ActiveCfg = Release|Any CPU
		{8672A5A4-96F6-49A0-9EFC-345F2F1F3651}.Release|Any CPU.Build.0 = Release|Any CPU
	EndGlobalSection
	GlobalSection(SolutionProperties) = preSolution
		HideSolutionNode = FALSE
	EndGlobalSection
	GlobalSection(ExtensibilityGlobals) = postSolution
		SolutionGuid = {4D408973-B8EE-4BF4-8E58-664AF4D37986}
	EndGlobalSection
EndGlobal
